
Microsoft Visual Studio Solution File, Format Version 12.00
Project("{FAE04EC0-301F-11D3-BF4B-00C04F79EFBC}") = "WebApp", "WebApp\WebApp.csproj", "{D4EE36BC-B4F3-4F77-9434-6518D39ACB3E}"
EndProject
Project("{2150E333-8FDC-42A3-9474-1A3956D46DE8}") = "App", "App", "{EA2289AC-BC14-4CC1-86B8-AFE701BD3981}"
EndProject
Project("{2150E333-8FDC-42A3-9474-1A3956D46DE8}") = "App.Contracts", "App.Contracts", "{4D5DA5D4-38ED-4F55-83CE-53833802FF2A}"
EndProject
Project("{2150E333-8FDC-42A3-9474-1A3956D46DE8}") = "Base", "Base", "{12CACC8D-DA64-48A4-B61B-44EFEE301285}"
EndProject
Project("{2150E333-8FDC-42A3-9474-1A3956D46DE8}") = "Base.Contracts", "Base.Contracts", "{11ABAD8D-CD4E-4C75-B427-A914BC626C9B}"
EndProject
Project("{FAE04EC0-301F-11D3-BF4B-00C04F79EFBC}") = "Base.Contracts.DAL", "Base.Contracts.DAL\Base.Contracts.DAL.csproj", "{6206E0B5-0516-4AC5-993A-79C0B9BE6205}"
EndProject
Project("{FAE04EC0-301F-11D3-BF4B-00C04F79EFBC}") = "Base.Contracts.BLL", "Base.Contracts.BLL\Base.Contracts.BLL.csproj", "{7C00A54E-1716-4BE0-9E62-669564302DA9}"
EndProject
Project("{FAE04EC0-301F-11D3-BF4B-00C04F79EFBC}") = "Base.Contracts.Domain", "Base.Contracts.Domain\Base.Contracts.Domain.csproj", "{544B0E69-658E-4091-9BD7-88D510317698}"
EndProject
Project("{FAE04EC0-301F-11D3-BF4B-00C04F79EFBC}") = "Base.BLL", "Base.BLL\Base.BLL.csproj", "{D5275683-6BBE-413A-9DB7-41F8D2B00484}"
EndProject
Project("{FAE04EC0-301F-11D3-BF4B-00C04F79EFBC}") = "Base.DAL.EF", "Base.DAL.EF\Base.DAL.EF.csproj", "{13911A23-4462-4482-8AAA-D107ADC11BBB}"
EndProject
Project("{FAE04EC0-301F-11D3-BF4B-00C04F79EFBC}") = "Base.DAL.EF.Exceptions", "Base.DAL.EF.Exceptions\Base.DAL.EF.Exceptions.csproj", "{9A346C7A-EE1E-4EC5-B212-D2A62D4248E1}"
EndProject
Project("{FAE04EC0-301F-11D3-BF4B-00C04F79EFBC}") = "Base.DAL.EF.Helpers", "Base.DAL.EF.Helpers\Base.DAL.EF.Helpers.csproj", "{AB203E9D-9F94-41AA-9B99-9AA7B1AE5757}"
EndProject
Project("{FAE04EC0-301F-11D3-BF4B-00C04F79EFBC}") = "Base.Domain", "Base.Domain\Base.Domain.csproj", "{8814B780-5339-492D-A360-AD2A02E6DAF1}"
EndProject
Project("{FAE04EC0-301F-11D3-BF4B-00C04F79EFBC}") = "Base.Extensions", "Base.Extensions\Base.Extensions.csproj", "{725BA112-AF1D-4FA9-BDBF-78E0DD6402E4}"
EndProject
Project("{FAE04EC0-301F-11D3-BF4B-00C04F79EFBC}") = "Base.Extensions.Exceptions", "Base.Extensions.Exceptions\Base.Extensions.Exceptions.csproj", "{961A808B-7274-4C52-9136-516142BF8AC0}"
EndProject
Project("{FAE04EC0-301F-11D3-BF4B-00C04F79EFBC}") = "App.Contracts.BLL", "App.Contracts.BLL\App.Contracts.BLL.csproj", "{DA58029D-3A65-4809-B4B9-977F607AB235}"
EndProject
Project("{FAE04EC0-301F-11D3-BF4B-00C04F79EFBC}") = "App.Contracts.DAL", "App.Contracts.DAL\App.Contracts.DAL.csproj", "{89087ABB-8BAF-47E6-99D7-AAB89B25CBEF}"
EndProject
Project("{FAE04EC0-301F-11D3-BF4B-00C04F79EFBC}") = "App.BLL", "App.BLL\App.BLL.csproj", "{18BFC899-6CC9-4FA0-9312-0F3688B40A06}"
EndProject
Project("{FAE04EC0-301F-11D3-BF4B-00C04F79EFBC}") = "App.BLL.DTO", "App.BLL.DTO\App.BLL.DTO.csproj", "{BB17D401-07A1-4A1A-8105-CA72693A796C}"
EndProject
Project("{FAE04EC0-301F-11D3-BF4B-00C04F79EFBC}") = "App.DAL.DTO", "App.DAL.DTO\App.DAL.DTO.csproj", "{FB0181CD-D497-46CA-AE0A-E30657D19F86}"
EndProject
Project("{FAE04EC0-301F-11D3-BF4B-00C04F79EFBC}") = "App.DAL.EF", "App.DAL.EF\App.DAL.EF.csproj", "{2848F5FD-870E-4A1B-8561-C0D82F6AD9F2}"
EndProject
Project("{FAE04EC0-301F-11D3-BF4B-00C04F79EFBC}") = "App.Domain", "App.Domain\App.Domain.csproj", "{FAA195EF-56EF-483F-804D-3BB31CEF9C9F}"
EndProject
Global
	GlobalSection(SolutionConfigurationPlatforms) = preSolution
		Debug|Any CPU = Debug|Any CPU
		Release|Any CPU = Release|Any CPU
	EndGlobalSection
	GlobalSection(ProjectConfigurationPlatforms) = postSolution
		{D4EE36BC-B4F3-4F77-9434-6518D39ACB3E}.Debug|Any CPU.ActiveCfg = Debug|Any CPU
		{D4EE36BC-B4F3-4F77-9434-6518D39ACB3E}.Debug|Any CPU.Build.0 = Debug|Any CPU
		{D4EE36BC-B4F3-4F77-9434-6518D39ACB3E}.Release|Any CPU.ActiveCfg = Release|Any CPU
		{D4EE36BC-B4F3-4F77-9434-6518D39ACB3E}.Release|Any CPU.Build.0 = Release|Any CPU
		{6206E0B5-0516-4AC5-993A-79C0B9BE6205}.Debug|Any CPU.ActiveCfg = Debug|Any CPU
		{6206E0B5-0516-4AC5-993A-79C0B9BE6205}.Debug|Any CPU.Build.0 = Debug|Any CPU
		{6206E0B5-0516-4AC5-993A-79C0B9BE6205}.Release|Any CPU.ActiveCfg = Release|Any CPU
		{6206E0B5-0516-4AC5-993A-79C0B9BE6205}.Release|Any CPU.Build.0 = Release|Any CPU
		{7C00A54E-1716-4BE0-9E62-669564302DA9}.Debug|Any CPU.ActiveCfg = Debug|Any CPU
		{7C00A54E-1716-4BE0-9E62-669564302DA9}.Debug|Any CPU.Build.0 = Debug|Any CPU
		{7C00A54E-1716-4BE0-9E62-669564302DA9}.Release|Any CPU.ActiveCfg = Release|Any CPU
		{7C00A54E-1716-4BE0-9E62-669564302DA9}.Release|Any CPU.Build.0 = Release|Any CPU
		{544B0E69-658E-4091-9BD7-88D510317698}.Debug|Any CPU.ActiveCfg = Debug|Any CPU
		{544B0E69-658E-4091-9BD7-88D510317698}.Debug|Any CPU.Build.0 = Debug|Any CPU
		{544B0E69-658E-4091-9BD7-88D510317698}.Release|Any CPU.ActiveCfg = Release|Any CPU
		{544B0E69-658E-4091-9BD7-88D510317698}.Release|Any CPU.Build.0 = Release|Any CPU
		{D5275683-6BBE-413A-9DB7-41F8D2B00484}.Debug|Any CPU.ActiveCfg = Debug|Any CPU
		{D5275683-6BBE-413A-9DB7-41F8D2B00484}.Debug|Any CPU.Build.0 = Debug|Any CPU
		{D5275683-6BBE-413A-9DB7-41F8D2B00484}.Release|Any CPU.ActiveCfg = Release|Any CPU
		{D5275683-6BBE-413A-9DB7-41F8D2B00484}.Release|Any CPU.Build.0 = Release|Any CPU
		{13911A23-4462-4482-8AAA-D107ADC11BBB}.Debug|Any CPU.ActiveCfg = Debug|Any CPU
		{13911A23-4462-4482-8AAA-D107ADC11BBB}.Debug|Any CPU.Build.0 = Debug|Any CPU
		{13911A23-4462-4482-8AAA-D107ADC11BBB}.Release|Any CPU.ActiveCfg = Release|Any CPU
		{13911A23-4462-4482-8AAA-D107ADC11BBB}.Release|Any CPU.Build.0 = Release|Any CPU
		{9A346C7A-EE1E-4EC5-B212-D2A62D4248E1}.Debug|Any CPU.ActiveCfg = Debug|Any CPU
		{9A346C7A-EE1E-4EC5-B212-D2A62D4248E1}.Debug|Any CPU.Build.0 = Debug|Any CPU
		{9A346C7A-EE1E-4EC5-B212-D2A62D4248E1}.Release|Any CPU.ActiveCfg = Release|Any CPU
		{9A346C7A-EE1E-4EC5-B212-D2A62D4248E1}.Release|Any CPU.Build.0 = Release|Any CPU
		{AB203E9D-9F94-41AA-9B99-9AA7B1AE5757}.Debug|Any CPU.ActiveCfg = Debug|Any CPU
		{AB203E9D-9F94-41AA-9B99-9AA7B1AE5757}.Debug|Any CPU.Build.0 = Debug|Any CPU
		{AB203E9D-9F94-41AA-9B99-9AA7B1AE5757}.Release|Any CPU.ActiveCfg = Release|Any CPU
		{AB203E9D-9F94-41AA-9B99-9AA7B1AE5757}.Release|Any CPU.Build.0 = Release|Any CPU
		{8814B780-5339-492D-A360-AD2A02E6DAF1}.Debug|Any CPU.ActiveCfg = Debug|Any CPU
		{8814B780-5339-492D-A360-AD2A02E6DAF1}.Debug|Any CPU.Build.0 = Debug|Any CPU
		{8814B780-5339-492D-A360-AD2A02E6DAF1}.Release|Any CPU.ActiveCfg = Release|Any CPU
		{8814B780-5339-492D-A360-AD2A02E6DAF1}.Release|Any CPU.Build.0 = Release|Any CPU
		{725BA112-AF1D-4FA9-BDBF-78E0DD6402E4}.Debug|Any CPU.ActiveCfg = Debug|Any CPU
		{725BA112-AF1D-4FA9-BDBF-78E0DD6402E4}.Debug|Any CPU.Build.0 = Debug|Any CPU
		{725BA112-AF1D-4FA9-BDBF-78E0DD6402E4}.Release|Any CPU.ActiveCfg = Release|Any CPU
		{725BA112-AF1D-4FA9-BDBF-78E0DD6402E4}.Release|Any CPU.Build.0 = Release|Any CPU
		{961A808B-7274-4C52-9136-516142BF8AC0}.Debug|Any CPU.ActiveCfg = Debug|Any CPU
		{961A808B-7274-4C52-9136-516142BF8AC0}.Debug|Any CPU.Build.0 = Debug|Any CPU
		{961A808B-7274-4C52-9136-516142BF8AC0}.Release|Any CPU.ActiveCfg = Release|Any CPU
		{961A808B-7274-4C52-9136-516142BF8AC0}.Release|Any CPU.Build.0 = Release|Any CPU
		{DA58029D-3A65-4809-B4B9-977F607AB235}.Debug|Any CPU.ActiveCfg = Debug|Any CPU
		{DA58029D-3A65-4809-B4B9-977F607AB235}.Debug|Any CPU.Build.0 = Debug|Any CPU
		{DA58029D-3A65-4809-B4B9-977F607AB235}.Release|Any CPU.ActiveCfg = Release|Any CPU
		{DA58029D-3A65-4809-B4B9-977F607AB235}.Release|Any CPU.Build.0 = Release|Any CPU
		{89087ABB-8BAF-47E6-99D7-AAB89B25CBEF}.Debug|Any CPU.ActiveCfg = Debug|Any CPU
		{89087ABB-8BAF-47E6-99D7-AAB89B25CBEF}.Debug|Any CPU.Build.0 = Debug|Any CPU
		{89087ABB-8BAF-47E6-99D7-AAB89B25CBEF}.Release|Any CPU.ActiveCfg = Release|Any CPU
		{89087ABB-8BAF-47E6-99D7-AAB89B25CBEF}.Release|Any CPU.Build.0 = Release|Any CPU
		{18BFC899-6CC9-4FA0-9312-0F3688B40A06}.Debug|Any CPU.ActiveCfg = Debug|Any CPU
		{18BFC899-6CC9-4FA0-9312-0F3688B40A06}.Debug|Any CPU.Build.0 = Debug|Any CPU
		{18BFC899-6CC9-4FA0-9312-0F3688B40A06}.Release|Any CPU.ActiveCfg = Release|Any CPU
		{18BFC899-6CC9-4FA0-9312-0F3688B40A06}.Release|Any CPU.Build.0 = Release|Any CPU
		{BB17D401-07A1-4A1A-8105-CA72693A796C}.Debug|Any CPU.ActiveCfg = Debug|Any CPU
		{BB17D401-07A1-4A1A-8105-CA72693A796C}.Debug|Any CPU.Build.0 = Debug|Any CPU
		{BB17D401-07A1-4A1A-8105-CA72693A796C}.Release|Any CPU.ActiveCfg = Release|Any CPU
		{BB17D401-07A1-4A1A-8105-CA72693A796C}.Release|Any CPU.Build.0 = Release|Any CPU
		{FB0181CD-D497-46CA-AE0A-E30657D19F86}.Debug|Any CPU.ActiveCfg = Debug|Any CPU
		{FB0181CD-D497-46CA-AE0A-E30657D19F86}.Debug|Any CPU.Build.0 = Debug|Any CPU
		{FB0181CD-D497-46CA-AE0A-E30657D19F86}.Release|Any CPU.ActiveCfg = Release|Any CPU
		{FB0181CD-D497-46CA-AE0A-E30657D19F86}.Release|Any CPU.Build.0 = Release|Any CPU
		{2848F5FD-870E-4A1B-8561-C0D82F6AD9F2}.Debug|Any CPU.ActiveCfg = Debug|Any CPU
		{2848F5FD-870E-4A1B-8561-C0D82F6AD9F2}.Debug|Any CPU.Build.0 = Debug|Any CPU
		{2848F5FD-870E-4A1B-8561-C0D82F6AD9F2}.Release|Any CPU.ActiveCfg = Release|Any CPU
		{2848F5FD-870E-4A1B-8561-C0D82F6AD9F2}.Release|Any CPU.Build.0 = Release|Any CPU
		{FAA195EF-56EF-483F-804D-3BB31CEF9C9F}.Debug|Any CPU.ActiveCfg = Debug|Any CPU
		{FAA195EF-56EF-483F-804D-3BB31CEF9C9F}.Debug|Any CPU.Build.0 = Debug|Any CPU
		{FAA195EF-56EF-483F-804D-3BB31CEF9C9F}.Release|Any CPU.ActiveCfg = Release|Any CPU
		{FAA195EF-56EF-483F-804D-3BB31CEF9C9F}.Release|Any CPU.Build.0 = Release|Any CPU
	EndGlobalSection
	GlobalSection(NestedProjects) = preSolution
		{D4EE36BC-B4F3-4F77-9434-6518D39ACB3E} = {EA2289AC-BC14-4CC1-86B8-AFE701BD3981}
		{6206E0B5-0516-4AC5-993A-79C0B9BE6205} = {11ABAD8D-CD4E-4C75-B427-A914BC626C9B}
		{7C00A54E-1716-4BE0-9E62-669564302DA9} = {11ABAD8D-CD4E-4C75-B427-A914BC626C9B}
		{544B0E69-658E-4091-9BD7-88D510317698} = {11ABAD8D-CD4E-4C75-B427-A914BC626C9B}
		{D5275683-6BBE-413A-9DB7-41F8D2B00484} = {12CACC8D-DA64-48A4-B61B-44EFEE301285}
		{13911A23-4462-4482-8AAA-D107ADC11BBB} = {12CACC8D-DA64-48A4-B61B-44EFEE301285}
		{9A346C7A-EE1E-4EC5-B212-D2A62D4248E1} = {12CACC8D-DA64-48A4-B61B-44EFEE301285}
		{AB203E9D-9F94-41AA-9B99-9AA7B1AE5757} = {12CACC8D-DA64-48A4-B61B-44EFEE301285}
		{8814B780-5339-492D-A360-AD2A02E6DAF1} = {12CACC8D-DA64-48A4-B61B-44EFEE301285}
		{725BA112-AF1D-4FA9-BDBF-78E0DD6402E4} = {12CACC8D-DA64-48A4-B61B-44EFEE301285}
		{961A808B-7274-4C52-9136-516142BF8AC0} = {12CACC8D-DA64-48A4-B61B-44EFEE301285}
		{DA58029D-3A65-4809-B4B9-977F607AB235} = {4D5DA5D4-38ED-4F55-83CE-53833802FF2A}
		{89087ABB-8BAF-47E6-99D7-AAB89B25CBEF} = {4D5DA5D4-38ED-4F55-83CE-53833802FF2A}
		{18BFC899-6CC9-4FA0-9312-0F3688B40A06} = {EA2289AC-BC14-4CC1-86B8-AFE701BD3981}
		{BB17D401-07A1-4A1A-8105-CA72693A796C} = {EA2289AC-BC14-4CC1-86B8-AFE701BD3981}
		{FB0181CD-D497-46CA-AE0A-E30657D19F86} = {EA2289AC-BC14-4CC1-86B8-AFE701BD3981}
		{2848F5FD-870E-4A1B-8561-C0D82F6AD9F2} = {EA2289AC-BC14-4CC1-86B8-AFE701BD3981}
		{FAA195EF-56EF-483F-804D-3BB31CEF9C9F} = {EA2289AC-BC14-4CC1-86B8-AFE701BD3981}
	EndGlobalSection
EndGlobal
